
Microsoft Visual Studio Solution File, Format Version 12.00
# Visual Studio 2013
VisualStudioVersion = 12.0.30110.0
MinimumVisualStudioVersion = 10.0.40219.1
Project("{2150E333-8FDC-42A3-9474-1A3956D46DE8}") = "2 - Application Core", "2 - Application Core", "{A0DAEC44-C6B5-4278-B1CA-8CDF87957061}"
EndProject
Project("{2150E333-8FDC-42A3-9474-1A3956D46DE8}") = "0 - Client", "0 - Client", "{5B56155A-EA5D-4A6F-A514-4A6B6D079C94}"
EndProject
Project("{2150E333-8FDC-42A3-9474-1A3956D46DE8}") = "4 - External Systems", "4 - External Systems", "{055E5489-967C-42AD-8FA5-4D214AD471BB}"
EndProject
Project("{2150E333-8FDC-42A3-9474-1A3956D46DE8}") = "5 - Integrationstest", "5 - Integrationstest", "{2780EDB0-F0E4-4315-B52D-3014E937ECB1}"
EndProject
Project("{2150E333-8FDC-42A3-9474-1A3956D46DE8}") = "6 - Systemtest", "6 - Systemtest", "{DF2C75C9-A280-4464-982B-18008415CFFB}"
EndProject
Project("{2150E333-8FDC-42A3-9474-1A3956D46DE8}") = "7 - Verbundtest", "7 - Verbundtest", "{C889FB17-5BBA-4EDE-B388-9D1EF98E4179}"
EndProject
Project("{2150E333-8FDC-42A3-9474-1A3956D46DE8}") = "3 - Util", "3 - Util", "{DE6FAA2D-E4C6-49D8-8A7E-C535F7CE9331}"
EndProject
Project("{FAE04EC0-301F-11D3-BF4B-00C04F79EFBC}") = "HAW Logistics System", "HAW Logistics System\HAW Logistics System.csproj", "{FE562978-63E0-4E2E-A0A4-709752807745}"
EndProject
Project("{FAE04EC0-301F-11D3-BF4B-00C04F79EFBC}") = "Common", "Common\Common.csproj", "{841AF5C4-1281-49F3-853F-3E08CD08AA6A}"
EndProject
Project("{FAE04EC0-301F-11D3-BF4B-00C04F79EFBC}") = "TransportplanungKomponente.Test", "TransportplanungKomponente.Test\TransportplanungKomponente.Test.csproj", "{51B13481-928D-4BDC-BC24-522C8A8D2176}"
	ProjectSection(ProjectDependencies) = postProject
		{4A905506-3375-4CB6-A065-3B9D63C545DB} = {4A905506-3375-4CB6-A065-3B9D63C545DB}
	EndProjectSection
EndProject
Project("{FAE04EC0-301F-11D3-BF4B-00C04F79EFBC}") = "UnterbeauftragungKomponente", "UnterbeauftragungKomponente\UnterbeauftragungKomponente.csproj", "{E53BB22A-3E99-4EB7-BA09-EE1621D8085E}"
	ProjectSection(ProjectDependencies) = postProject
		{4A905506-3375-4CB6-A065-3B9D63C545DB} = {4A905506-3375-4CB6-A065-3B9D63C545DB}
	EndProjectSection
EndProject
Project("{FAE04EC0-301F-11D3-BF4B-00C04F79EFBC}") = "TransportplanungKomponente", "TransportplanungKomponente\TransportplanungKomponente.csproj", "{FE0B1AF0-6B33-49A9-BADD-0163CD0D4543}"
	ProjectSection(ProjectDependencies) = postProject
		{4A905506-3375-4CB6-A065-3B9D63C545DB} = {4A905506-3375-4CB6-A065-3B9D63C545DB}
	EndProjectSection
EndProject
Project("{FAE04EC0-301F-11D3-BF4B-00C04F79EFBC}") = "TransportnetzKomponente", "TransportnetzKomponente\TransportnetzKomponente.csproj", "{F286ACD7-1C2A-434F-932E-66DF0ABFD19C}"
EndProject
Project("{FAE04EC0-301F-11D3-BF4B-00C04F79EFBC}") = "GeschaeftspartnerKomponente.Test", "GeschaeftspartnerKomponente.Test\GeschaeftspartnerKomponente.Test.csproj", "{6FE6A90A-5C68-4AA6-9E83-54938FB27CA6}"
	ProjectSection(ProjectDependencies) = postProject
		{4A905506-3375-4CB6-A065-3B9D63C545DB} = {4A905506-3375-4CB6-A065-3B9D63C545DB}
	EndProjectSection
EndProject
Project("{FAE04EC0-301F-11D3-BF4B-00C04F79EFBC}") = "AuftragKomponente", "AuftragKomponente\AuftragKomponente.csproj", "{7B60032A-0D25-4A06-9D04-83FD1FF1E946}"
	ProjectSection(ProjectDependencies) = postProject
		{4A905506-3375-4CB6-A065-3B9D63C545DB} = {4A905506-3375-4CB6-A065-3B9D63C545DB}
	EndProjectSection
EndProject
Project("{FAE04EC0-301F-11D3-BF4B-00C04F79EFBC}") = "PeriodicTaskFactory", "PeriodicTaskFactory\PeriodicTaskFactory.csproj", "{2945908D-87A9-492A-8A4F-F95A591CFA95}"
EndProject
Project("{FAE04EC0-301F-11D3-BF4B-00C04F79EFBC}") = "BackgroundQueue", "BackgroundQueue\BackgroundQueue.csproj", "{26CDEA8A-C0C4-446C-BB8C-B08AAB37EDFD}"
EndProject
Project("{FAE04EC0-301F-11D3-BF4B-00C04F79EFBC}") = "GeschaeftspartnerKomponente", "GeschaeftspartnerKomponente\GeschaeftspartnerKomponente.csproj", "{18292C25-D2D5-4537-BB46-92EC366B1F85}"
	ProjectSection(ProjectDependencies) = postProject
		{4A905506-3375-4CB6-A065-3B9D63C545DB} = {4A905506-3375-4CB6-A065-3B9D63C545DB}
	EndProjectSection
EndProject
Project("{FAE04EC0-301F-11D3-BF4B-00C04F79EFBC}") = "UnterbeauftragungKomponente.Test", "UnterbeauftragungKomponente.Test\UnterbeauftragungKomponente.Test.csproj", "{019BD7CA-30A4-4356-821B-3E179F801A50}"
	ProjectSection(ProjectDependencies) = postProject
		{4A905506-3375-4CB6-A065-3B9D63C545DB} = {4A905506-3375-4CB6-A065-3B9D63C545DB}
	EndProjectSection
EndProject
Project("{FAE04EC0-301F-11D3-BF4B-00C04F79EFBC}") = "FrachtfuehrerExternal", "FrachtfuehrerExternal\FrachtfuehrerExternal.csproj", "{C9957192-AEF9-422F-A36C-7688FB6E5E60}"
EndProject
Project("{FAE04EC0-301F-11D3-BF4B-00C04F79EFBC}") = "FrachtfuehrerAdapter", "FrachtfuehrerAdapter\FrachtfuehrerAdapter.csproj", "{82E80ABD-0D9F-447C-9D20-4B967664EA2D}"
	ProjectSection(ProjectDependencies) = postProject
		{B8241AA9-BCBD-4FB2-BEE1-ABD2CA71ECDA} = {B8241AA9-BCBD-4FB2-BEE1-ABD2CA71ECDA}
	EndProjectSection
EndProject
Project("{FAE04EC0-301F-11D3-BF4B-00C04F79EFBC}") = "MessagingServices", "MessagingServices\MessagingServices.csproj", "{B8241AA9-BCBD-4FB2-BEE1-ABD2CA71ECDA}"
EndProject
Project("{FAE04EC0-301F-11D3-BF4B-00C04F79EFBC}") = "MessagingServices.Test", "MessagingServices.Test\MessagingServices.Test.csproj", "{0B6788E1-BF76-47D3-863C-79F565E482B5}"
EndProject
Project("{FAE04EC0-301F-11D3-BF4B-00C04F79EFBC}") = "PersistenceServices", "PersistenceServices\PersistenceServices.csproj", "{4A905506-3375-4CB6-A065-3B9D63C545DB}"
EndProject
Project("{FAE04EC0-301F-11D3-BF4B-00C04F79EFBC}") = "PersistenceServices.Test", "PersistenceServices.Test\PersistenceServices.Test.csproj", "{03429999-F911-4A18-87DB-B2BC6389E989}"
EndProject
Project("{FAE04EC0-301F-11D3-BF4B-00C04F79EFBC}") = "Common.Test", "Common.Test\Common.Test.csproj", "{62778E17-09DF-4ACE-A0C9-5EA9E4A1691E}"
EndProject
Project("{FAE04EC0-301F-11D3-BF4B-00C04F79EFBC}") = "Integrationstest", "Integrationstest\Integrationstest.csproj", "{AA4DBE9D-CCBF-47AD-A1F6-F06F025FBE33}"
EndProject
Project("{FAE04EC0-301F-11D3-BF4B-00C04F79EFBC}") = "Verbundtest", "Verbundtest\Verbundtest.csproj", "{473CC997-8DBC-4E32-B3C9-A37D27904933}"
EndProject
Project("{FAE04EC0-301F-11D3-BF4B-00C04F79EFBC}") = "TimeServices", "TimeServices\TimeServices.csproj", "{85ABE358-27F3-4FA7-A9AB-1CD28DFA198D}"
EndProject
Project("{2150E333-8FDC-42A3-9474-1A3956D46DE8}") = "1 - Server", "1 - Server", "{9D89FF08-DE18-40DB-9D41-85375D642DE4}"
EndProject
Project("{2150E333-8FDC-42A3-9474-1A3956D46DE8}") = ".nuget", ".nuget", "{54FC99E9-CD41-4689-93D0-B40425AAD52A}"
	ProjectSection(SolutionItems) = preProject
		.nuget\NuGet.Config = .nuget\NuGet.Config
		.nuget\NuGet.exe = .nuget\NuGet.exe
		.nuget\NuGet.targets = .nuget\NuGet.targets
	EndProjectSection
EndProject
Project("{FAE04EC0-301F-11D3-BF4B-00C04F79EFBC}") = "HLSServerService", "HLSServerService\HLSServerService.csproj", "{84998286-261D-45B2-8441-E325F8688950}"
EndProject
Project("{FAE04EC0-301F-11D3-BF4B-00C04F79EFBC}") = "BuchhaltungKomponente", "BuchhaltungKomponente\BuchhaltungKomponente.csproj", "{DC6B8EC0-CFFF-4986-9A3D-5ECFEC903BD8}"
EndProject
Project("{FAE04EC0-301F-11D3-BF4B-00C04F79EFBC}") = "BuchhaltungKomponente.Test", "BuchhaltungKomponente.Test\BuchhaltungKomponente.Test.csproj", "{3C8394F9-AAB0-4A7D-BB6F-6989138FA61E}"
EndProject
Project("{FAE04EC0-301F-11D3-BF4B-00C04F79EFBC}") = "BankAdapter", "BankAdapter\BankAdapter.csproj", "{852D9A71-6C0C-49C3-BBA0-6C059C2C07F0}"
EndProject
Project("{FAE04EC0-301F-11D3-BF4B-00C04F79EFBC}") = "BankExternal", "BankExternal\BankExternal.csproj", "{A03866C2-86AD-4B53-B71A-81C755FC02C6}"
EndProject
Project("{FAE04EC0-301F-11D3-BF4B-00C04F79EFBC}") = "HLS Konsole", "HLS Konsole\HLS Konsole.csproj", "{E9E2C601-3DEE-4AE0-ACF2-4E5B7BE979F1}"
EndProject
Project("{FAE04EC0-301F-11D3-BF4B-00C04F79EFBC}") = "TransportnetzKomponente.Test", "TransportnetzKomponente.Test\TransportnetzKomponente.Test.csproj", "{A1316867-86FA-452E-BF51-AEB7901E0C13}"
EndProject
Global
	GlobalSection(SolutionConfigurationPlatforms) = preSolution
		Debug|Any CPU = Debug|Any CPU
		Release|Any CPU = Release|Any CPU
	EndGlobalSection
	GlobalSection(ProjectConfigurationPlatforms) = postSolution
		{FE562978-63E0-4E2E-A0A4-709752807745}.Debug|Any CPU.ActiveCfg = Debug|Any CPU
		{FE562978-63E0-4E2E-A0A4-709752807745}.Debug|Any CPU.Build.0 = Debug|Any CPU
		{FE562978-63E0-4E2E-A0A4-709752807745}.Release|Any CPU.ActiveCfg = Release|Any CPU
		{FE562978-63E0-4E2E-A0A4-709752807745}.Release|Any CPU.Build.0 = Release|Any CPU
		{841AF5C4-1281-49F3-853F-3E08CD08AA6A}.Debug|Any CPU.ActiveCfg = Debug|Any CPU
		{841AF5C4-1281-49F3-853F-3E08CD08AA6A}.Debug|Any CPU.Build.0 = Debug|Any CPU
		{841AF5C4-1281-49F3-853F-3E08CD08AA6A}.Release|Any CPU.ActiveCfg = Release|Any CPU
		{841AF5C4-1281-49F3-853F-3E08CD08AA6A}.Release|Any CPU.Build.0 = Release|Any CPU
		{51B13481-928D-4BDC-BC24-522C8A8D2176}.Debug|Any CPU.ActiveCfg = Debug|Any CPU
		{51B13481-928D-4BDC-BC24-522C8A8D2176}.Debug|Any CPU.Build.0 = Debug|Any CPU
		{51B13481-928D-4BDC-BC24-522C8A8D2176}.Release|Any CPU.ActiveCfg = Release|Any CPU
		{51B13481-928D-4BDC-BC24-522C8A8D2176}.Release|Any CPU.Build.0 = Release|Any CPU
		{E53BB22A-3E99-4EB7-BA09-EE1621D8085E}.Debug|Any CPU.ActiveCfg = Debug|Any CPU
		{E53BB22A-3E99-4EB7-BA09-EE1621D8085E}.Debug|Any CPU.Build.0 = Debug|Any CPU
		{E53BB22A-3E99-4EB7-BA09-EE1621D8085E}.Release|Any CPU.ActiveCfg = Release|Any CPU
		{E53BB22A-3E99-4EB7-BA09-EE1621D8085E}.Release|Any CPU.Build.0 = Release|Any CPU
		{FE0B1AF0-6B33-49A9-BADD-0163CD0D4543}.Debug|Any CPU.ActiveCfg = Debug|Any CPU
		{FE0B1AF0-6B33-49A9-BADD-0163CD0D4543}.Debug|Any CPU.Build.0 = Debug|Any CPU
		{FE0B1AF0-6B33-49A9-BADD-0163CD0D4543}.Release|Any CPU.ActiveCfg = Release|Any CPU
		{FE0B1AF0-6B33-49A9-BADD-0163CD0D4543}.Release|Any CPU.Build.0 = Release|Any CPU
		{F286ACD7-1C2A-434F-932E-66DF0ABFD19C}.Debug|Any CPU.ActiveCfg = Debug|Any CPU
		{F286ACD7-1C2A-434F-932E-66DF0ABFD19C}.Debug|Any CPU.Build.0 = Debug|Any CPU
		{F286ACD7-1C2A-434F-932E-66DF0ABFD19C}.Release|Any CPU.ActiveCfg = Release|Any CPU
		{F286ACD7-1C2A-434F-932E-66DF0ABFD19C}.Release|Any CPU.Build.0 = Release|Any CPU
		{6FE6A90A-5C68-4AA6-9E83-54938FB27CA6}.Debug|Any CPU.ActiveCfg = Debug|Any CPU
		{6FE6A90A-5C68-4AA6-9E83-54938FB27CA6}.Debug|Any CPU.Build.0 = Debug|Any CPU
		{6FE6A90A-5C68-4AA6-9E83-54938FB27CA6}.Release|Any CPU.ActiveCfg = Release|Any CPU
		{6FE6A90A-5C68-4AA6-9E83-54938FB27CA6}.Release|Any CPU.Build.0 = Release|Any CPU
		{7B60032A-0D25-4A06-9D04-83FD1FF1E946}.Debug|Any CPU.ActiveCfg = Debug|Any CPU
		{7B60032A-0D25-4A06-9D04-83FD1FF1E946}.Debug|Any CPU.Build.0 = Debug|Any CPU
		{7B60032A-0D25-4A06-9D04-83FD1FF1E946}.Release|Any CPU.ActiveCfg = Release|Any CPU
		{7B60032A-0D25-4A06-9D04-83FD1FF1E946}.Release|Any CPU.Build.0 = Release|Any CPU
		{2945908D-87A9-492A-8A4F-F95A591CFA95}.Debug|Any CPU.ActiveCfg = Debug|Any CPU
		{2945908D-87A9-492A-8A4F-F95A591CFA95}.Debug|Any CPU.Build.0 = Debug|Any CPU
		{2945908D-87A9-492A-8A4F-F95A591CFA95}.Release|Any CPU.ActiveCfg = Release|Any CPU
		{2945908D-87A9-492A-8A4F-F95A591CFA95}.Release|Any CPU.Build.0 = Release|Any CPU
		{26CDEA8A-C0C4-446C-BB8C-B08AAB37EDFD}.Debug|Any CPU.ActiveCfg = Debug|Any CPU
		{26CDEA8A-C0C4-446C-BB8C-B08AAB37EDFD}.Debug|Any CPU.Build.0 = Debug|Any CPU
		{26CDEA8A-C0C4-446C-BB8C-B08AAB37EDFD}.Release|Any CPU.ActiveCfg = Release|Any CPU
		{26CDEA8A-C0C4-446C-BB8C-B08AAB37EDFD}.Release|Any CPU.Build.0 = Release|Any CPU
		{18292C25-D2D5-4537-BB46-92EC366B1F85}.Debug|Any CPU.ActiveCfg = Debug|Any CPU
		{18292C25-D2D5-4537-BB46-92EC366B1F85}.Debug|Any CPU.Build.0 = Debug|Any CPU
		{18292C25-D2D5-4537-BB46-92EC366B1F85}.Release|Any CPU.ActiveCfg = Release|Any CPU
		{18292C25-D2D5-4537-BB46-92EC366B1F85}.Release|Any CPU.Build.0 = Release|Any CPU
		{019BD7CA-30A4-4356-821B-3E179F801A50}.Debug|Any CPU.ActiveCfg = Debug|Any CPU
		{019BD7CA-30A4-4356-821B-3E179F801A50}.Debug|Any CPU.Build.0 = Debug|Any CPU
		{019BD7CA-30A4-4356-821B-3E179F801A50}.Release|Any CPU.ActiveCfg = Release|Any CPU
		{019BD7CA-30A4-4356-821B-3E179F801A50}.Release|Any CPU.Build.0 = Release|Any CPU
		{C9957192-AEF9-422F-A36C-7688FB6E5E60}.Debug|Any CPU.ActiveCfg = Debug|Any CPU
		{C9957192-AEF9-422F-A36C-7688FB6E5E60}.Debug|Any CPU.Build.0 = Debug|Any CPU
		{C9957192-AEF9-422F-A36C-7688FB6E5E60}.Release|Any CPU.ActiveCfg = Release|Any CPU
		{C9957192-AEF9-422F-A36C-7688FB6E5E60}.Release|Any CPU.Build.0 = Release|Any CPU
		{82E80ABD-0D9F-447C-9D20-4B967664EA2D}.Debug|Any CPU.ActiveCfg = Debug|Any CPU
		{82E80ABD-0D9F-447C-9D20-4B967664EA2D}.Debug|Any CPU.Build.0 = Debug|Any CPU
		{82E80ABD-0D9F-447C-9D20-4B967664EA2D}.Release|Any CPU.ActiveCfg = Release|Any CPU
		{82E80ABD-0D9F-447C-9D20-4B967664EA2D}.Release|Any CPU.Build.0 = Release|Any CPU
		{B8241AA9-BCBD-4FB2-BEE1-ABD2CA71ECDA}.Debug|Any CPU.ActiveCfg = Debug|Any CPU
		{B8241AA9-BCBD-4FB2-BEE1-ABD2CA71ECDA}.Debug|Any CPU.Build.0 = Debug|Any CPU
		{B8241AA9-BCBD-4FB2-BEE1-ABD2CA71ECDA}.Release|Any CPU.ActiveCfg = Release|Any CPU
		{B8241AA9-BCBD-4FB2-BEE1-ABD2CA71ECDA}.Release|Any CPU.Build.0 = Release|Any CPU
		{0B6788E1-BF76-47D3-863C-79F565E482B5}.Debug|Any CPU.ActiveCfg = Debug|Any CPU
		{0B6788E1-BF76-47D3-863C-79F565E482B5}.Debug|Any CPU.Build.0 = Debug|Any CPU
		{0B6788E1-BF76-47D3-863C-79F565E482B5}.Release|Any CPU.ActiveCfg = Release|Any CPU
		{0B6788E1-BF76-47D3-863C-79F565E482B5}.Release|Any CPU.Build.0 = Release|Any CPU
		{4A905506-3375-4CB6-A065-3B9D63C545DB}.Debug|Any CPU.ActiveCfg = Debug|Any CPU
		{4A905506-3375-4CB6-A065-3B9D63C545DB}.Debug|Any CPU.Build.0 = Debug|Any CPU
		{4A905506-3375-4CB6-A065-3B9D63C545DB}.Release|Any CPU.ActiveCfg = Release|Any CPU
		{4A905506-3375-4CB6-A065-3B9D63C545DB}.Release|Any CPU.Build.0 = Release|Any CPU
		{03429999-F911-4A18-87DB-B2BC6389E989}.Debug|Any CPU.ActiveCfg = Debug|Any CPU
		{03429999-F911-4A18-87DB-B2BC6389E989}.Debug|Any CPU.Build.0 = Debug|Any CPU
		{03429999-F911-4A18-87DB-B2BC6389E989}.Release|Any CPU.ActiveCfg = Release|Any CPU
		{03429999-F911-4A18-87DB-B2BC6389E989}.Release|Any CPU.Build.0 = Release|Any CPU
		{62778E17-09DF-4ACE-A0C9-5EA9E4A1691E}.Debug|Any CPU.ActiveCfg = Debug|Any CPU
		{62778E17-09DF-4ACE-A0C9-5EA9E4A1691E}.Debug|Any CPU.Build.0 = Debug|Any CPU
		{62778E17-09DF-4ACE-A0C9-5EA9E4A1691E}.Release|Any CPU.ActiveCfg = Release|Any CPU
		{62778E17-09DF-4ACE-A0C9-5EA9E4A1691E}.Release|Any CPU.Build.0 = Release|Any CPU
		{AA4DBE9D-CCBF-47AD-A1F6-F06F025FBE33}.Debug|Any CPU.ActiveCfg = Debug|Any CPU
		{AA4DBE9D-CCBF-47AD-A1F6-F06F025FBE33}.Debug|Any CPU.Build.0 = Debug|Any CPU
		{AA4DBE9D-CCBF-47AD-A1F6-F06F025FBE33}.Release|Any CPU.ActiveCfg = Release|Any CPU
		{AA4DBE9D-CCBF-47AD-A1F6-F06F025FBE33}.Release|Any CPU.Build.0 = Release|Any CPU
		{473CC997-8DBC-4E32-B3C9-A37D27904933}.Debug|Any CPU.ActiveCfg = Debug|Any CPU
		{473CC997-8DBC-4E32-B3C9-A37D27904933}.Debug|Any CPU.Build.0 = Debug|Any CPU
		{473CC997-8DBC-4E32-B3C9-A37D27904933}.Release|Any CPU.ActiveCfg = Release|Any CPU
		{473CC997-8DBC-4E32-B3C9-A37D27904933}.Release|Any CPU.Build.0 = Release|Any CPU
		{85ABE358-27F3-4FA7-A9AB-1CD28DFA198D}.Debug|Any CPU.ActiveCfg = Debug|Any CPU
		{85ABE358-27F3-4FA7-A9AB-1CD28DFA198D}.Debug|Any CPU.Build.0 = Debug|Any CPU
		{85ABE358-27F3-4FA7-A9AB-1CD28DFA198D}.Release|Any CPU.ActiveCfg = Release|Any CPU
		{85ABE358-27F3-4FA7-A9AB-1CD28DFA198D}.Release|Any CPU.Build.0 = Release|Any CPU
		{84998286-261D-45B2-8441-E325F8688950}.Debug|Any CPU.ActiveCfg = Debug|Any CPU
		{84998286-261D-45B2-8441-E325F8688950}.Debug|Any CPU.Build.0 = Debug|Any CPU
		{84998286-261D-45B2-8441-E325F8688950}.Release|Any CPU.ActiveCfg = Release|Any CPU
		{84998286-261D-45B2-8441-E325F8688950}.Release|Any CPU.Build.0 = Release|Any CPU
		{DC6B8EC0-CFFF-4986-9A3D-5ECFEC903BD8}.Debug|Any CPU.ActiveCfg = Debug|Any CPU
		{DC6B8EC0-CFFF-4986-9A3D-5ECFEC903BD8}.Debug|Any CPU.Build.0 = Debug|Any CPU
		{DC6B8EC0-CFFF-4986-9A3D-5ECFEC903BD8}.Release|Any CPU.ActiveCfg = Release|Any CPU
		{DC6B8EC0-CFFF-4986-9A3D-5ECFEC903BD8}.Release|Any CPU.Build.0 = Release|Any CPU
		{3C8394F9-AAB0-4A7D-BB6F-6989138FA61E}.Debug|Any CPU.ActiveCfg = Debug|Any CPU
		{3C8394F9-AAB0-4A7D-BB6F-6989138FA61E}.Debug|Any CPU.Build.0 = Debug|Any CPU
		{3C8394F9-AAB0-4A7D-BB6F-6989138FA61E}.Release|Any CPU.ActiveCfg = Release|Any CPU
		{3C8394F9-AAB0-4A7D-BB6F-6989138FA61E}.Release|Any CPU.Build.0 = Release|Any CPU
		{852D9A71-6C0C-49C3-BBA0-6C059C2C07F0}.Debug|Any CPU.ActiveCfg = Debug|Any CPU
		{852D9A71-6C0C-49C3-BBA0-6C059C2C07F0}.Debug|Any CPU.Build.0 = Debug|Any CPU
		{852D9A71-6C0C-49C3-BBA0-6C059C2C07F0}.Release|Any CPU.ActiveCfg = Release|Any CPU
		{852D9A71-6C0C-49C3-BBA0-6C059C2C07F0}.Release|Any CPU.Build.0 = Release|Any CPU
		{A03866C2-86AD-4B53-B71A-81C755FC02C6}.Debug|Any CPU.ActiveCfg = Debug|Any CPU
		{A03866C2-86AD-4B53-B71A-81C755FC02C6}.Debug|Any CPU.Build.0 = Debug|Any CPU
		{A03866C2-86AD-4B53-B71A-81C755FC02C6}.Release|Any CPU.ActiveCfg = Release|Any CPU
		{A03866C2-86AD-4B53-B71A-81C755FC02C6}.Release|Any CPU.Build.0 = Release|Any CPU
		{E9E2C601-3DEE-4AE0-ACF2-4E5B7BE979F1}.Debug|Any CPU.ActiveCfg = Debug|Any CPU
		{E9E2C601-3DEE-4AE0-ACF2-4E5B7BE979F1}.Debug|Any CPU.Build.0 = Debug|Any CPU
		{E9E2C601-3DEE-4AE0-ACF2-4E5B7BE979F1}.Release|Any CPU.ActiveCfg = Release|Any CPU
		{E9E2C601-3DEE-4AE0-ACF2-4E5B7BE979F1}.Release|Any CPU.Build.0 = Release|Any CPU
		{A1316867-86FA-452E-BF51-AEB7901E0C13}.Debug|Any CPU.ActiveCfg = Debug|Any CPU
		{A1316867-86FA-452E-BF51-AEB7901E0C13}.Debug|Any CPU.Build.0 = Debug|Any CPU
		{A1316867-86FA-452E-BF51-AEB7901E0C13}.Release|Any CPU.ActiveCfg = Release|Any CPU
		{A1316867-86FA-452E-BF51-AEB7901E0C13}.Release|Any CPU.Build.0 = Release|Any CPU
	EndGlobalSection
	GlobalSection(SolutionProperties) = preSolution
		HideSolutionNode = FALSE
	EndGlobalSection
	GlobalSection(NestedProjects) = preSolution
		{51B13481-928D-4BDC-BC24-522C8A8D2176} = {A0DAEC44-C6B5-4278-B1CA-8CDF87957061}
		{E53BB22A-3E99-4EB7-BA09-EE1621D8085E} = {A0DAEC44-C6B5-4278-B1CA-8CDF87957061}
		{FE0B1AF0-6B33-49A9-BADD-0163CD0D4543} = {A0DAEC44-C6B5-4278-B1CA-8CDF87957061}
		{F286ACD7-1C2A-434F-932E-66DF0ABFD19C} = {A0DAEC44-C6B5-4278-B1CA-8CDF87957061}
		{6FE6A90A-5C68-4AA6-9E83-54938FB27CA6} = {A0DAEC44-C6B5-4278-B1CA-8CDF87957061}
		{7B60032A-0D25-4A06-9D04-83FD1FF1E946} = {A0DAEC44-C6B5-4278-B1CA-8CDF87957061}
		{18292C25-D2D5-4537-BB46-92EC366B1F85} = {A0DAEC44-C6B5-4278-B1CA-8CDF87957061}
		{019BD7CA-30A4-4356-821B-3E179F801A50} = {A0DAEC44-C6B5-4278-B1CA-8CDF87957061}
		{82E80ABD-0D9F-447C-9D20-4B967664EA2D} = {A0DAEC44-C6B5-4278-B1CA-8CDF87957061}
		{DC6B8EC0-CFFF-4986-9A3D-5ECFEC903BD8} = {A0DAEC44-C6B5-4278-B1CA-8CDF87957061}
		{3C8394F9-AAB0-4A7D-BB6F-6989138FA61E} = {A0DAEC44-C6B5-4278-B1CA-8CDF87957061}
		{852D9A71-6C0C-49C3-BBA0-6C059C2C07F0} = {A0DAEC44-C6B5-4278-B1CA-8CDF87957061}
		{A1316867-86FA-452E-BF51-AEB7901E0C13} = {A0DAEC44-C6B5-4278-B1CA-8CDF87957061}
		{FE562978-63E0-4E2E-A0A4-709752807745} = {5B56155A-EA5D-4A6F-A514-4A6B6D079C94}
		{E9E2C601-3DEE-4AE0-ACF2-4E5B7BE979F1} = {5B56155A-EA5D-4A6F-A514-4A6B6D079C94}
		{C9957192-AEF9-422F-A36C-7688FB6E5E60} = {055E5489-967C-42AD-8FA5-4D214AD471BB}
		{A03866C2-86AD-4B53-B71A-81C755FC02C6} = {055E5489-967C-42AD-8FA5-4D214AD471BB}
		{AA4DBE9D-CCBF-47AD-A1F6-F06F025FBE33} = {2780EDB0-F0E4-4315-B52D-3014E937ECB1}
		{473CC997-8DBC-4E32-B3C9-A37D27904933} = {C889FB17-5BBA-4EDE-B388-9D1EF98E4179}
		{841AF5C4-1281-49F3-853F-3E08CD08AA6A} = {DE6FAA2D-E4C6-49D8-8A7E-C535F7CE9331}
		{2945908D-87A9-492A-8A4F-F95A591CFA95} = {DE6FAA2D-E4C6-49D8-8A7E-C535F7CE9331}
		{26CDEA8A-C0C4-446C-BB8C-B08AAB37EDFD} = {DE6FAA2D-E4C6-49D8-8A7E-C535F7CE9331}
		{B8241AA9-BCBD-4FB2-BEE1-ABD2CA71ECDA} = {DE6FAA2D-E4C6-49D8-8A7E-C535F7CE9331}
		{0B6788E1-BF76-47D3-863C-79F565E482B5} = {DE6FAA2D-E4C6-49D8-8A7E-C535F7CE9331}
		{4A905506-3375-4CB6-A065-3B9D63C545DB} = {DE6FAA2D-E4C6-49D8-8A7E-C535F7CE9331}
		{03429999-F911-4A18-87DB-B2BC6389E989} = {DE6FAA2D-E4C6-49D8-8A7E-C535F7CE9331}
		{62778E17-09DF-4ACE-A0C9-5EA9E4A1691E} = {DE6FAA2D-E4C6-49D8-8A7E-C535F7CE9331}
		{85ABE358-27F3-4FA7-A9AB-1CD28DFA198D} = {DE6FAA2D-E4C6-49D8-8A7E-C535F7CE9331}
		{84998286-261D-45B2-8441-E325F8688950} = {9D89FF08-DE18-40DB-9D41-85375D642DE4}
	EndGlobalSection
EndGlobal
